
Microsoft Visual Studio Solution File, Format Version 12.00
# Visual Studio 15
VisualStudioVersion = 15.0.26228.4
MinimumVisualStudioVersion = 10.0.40219.1
Project("{FAE04EC0-301F-11D3-BF4B-00C04F79EFBC}") = "DataSeeder", "DataSeeder\DataSeeder.csproj", "{702F410A-4915-4F5C-8CC7-AD36E7A14C7D}"
EndProject
Project("{FAE04EC0-301F-11D3-BF4B-00C04F79EFBC}") = "CourseViewerApi", "CourseViewerApi\CourseViewerApi.csproj", "{DF96B72D-4E0A-44C6-8FF9-1733336B8787}"
EndProject
Project("{FAE04EC0-301F-11D3-BF4B-00C04F79EFBC}") = "CourseViewer.Data", "CourseViewer.Data\CourseViewer.Data.csproj", "{1687144F-2E9A-4388-AF19-3E6988C160F9}"
EndProject
Global
	GlobalSection(SolutionConfigurationPlatforms) = preSolution
		Debug|Any CPU = Debug|Any CPU
		Release|Any CPU = Release|Any CPU
	EndGlobalSection
	GlobalSection(ProjectConfigurationPlatforms) = postSolution
		{702F410A-4915-4F5C-8CC7-AD36E7A14C7D}.Debug|Any CPU.ActiveCfg = Debug|Any CPU
		{702F410A-4915-4F5C-8CC7-AD36E7A14C7D}.Debug|Any CPU.Build.0 = Debug|Any CPU
		{702F410A-4915-4F5C-8CC7-AD36E7A14C7D}.Release|Any CPU.ActiveCfg = Release|Any CPU
		{702F410A-4915-4F5C-8CC7-AD36E7A14C7D}.Release|Any CPU.Build.0 = Release|Any CPU
		{DF96B72D-4E0A-44C6-8FF9-1733336B8787}.Debug|Any CPU.ActiveCfg = Debug|Any CPU
		{DF96B72D-4E0A-44C6-8FF9-1733336B8787}.Debug|Any CPU.Build.0 = Debug|Any CPU
		{DF96B72D-4E0A-44C6-8FF9-1733336B8787}.Release|Any CPU.ActiveCfg = Release|Any CPU
		{DF96B72D-4E0A-44C6-8FF9-1733336B8787}.Release|Any CPU.Build.0 = Release|Any CPU
		{1687144F-2E9A-4388-AF19-3E6988C160F9}.Debug|Any CPU.ActiveCfg = Debug|Any CPU
		{1687144F-2E9A-4388-AF19-3E6988C160F9}.Debug|Any CPU.Build.0 = Debug|Any CPU
		{1687144F-2E9A-4388-AF19-3E6988C160F9}.Release|Any CPU.ActiveCfg = Release|Any CPU
		{1687144F-2E9A-4388-AF19-3E6988C160F9}.Release|Any CPU.Build.0 = Release|Any CPU
	EndGlobalSection
	GlobalSection(SolutionProperties) = preSolution
		HideSolutionNode = FALSE
	EndGlobalSection
EndGlobal
